
Microsoft Visual Studio Solution File, Format Version 12.00
# Visual Studio 15
VisualStudioVersion = 15.0.27130.2010
MinimumVisualStudioVersion = 10.0.40219.1
Project("{FAE04EC0-301F-11D3-BF4B-00C04F79EFBC}") = "Navicat_Keygen_Patch_By_DFoX", "Navicat_Keygen_Patch_By_DFoX\Navicat_Keygen_Patch_By_DFoX.csproj", "{B745377E-4807-4998-A8FC-0BD3333A8096}"
EndProject
Global
	GlobalSection(SolutionConfigurationPlatforms) = preSolution
		Debug|Any CPU = Debug|Any CPU
		Release|Any CPU = Release|Any CPU
	EndGlobalSection
	GlobalSection(ProjectConfigurationPlatforms) = postSolution
		{B745377E-4807-4998-A8FC-0BD3333A8096}.Debug|Any CPU.ActiveCfg = Debug|Any CPU
		{B745377E-4807-4998-A8FC-0BD3333A8096}.Debug|Any CPU.Build.0 = Debug|Any CPU
		{B745377E-4807-4998-A8FC-0BD3333A8096}.Release|Any CPU.ActiveCfg = Release|Any CPU
		{B745377E-4807-4998-A8FC-0BD3333A8096}.Release|Any CPU.Build.0 = Release|Any CPU
	EndGlobalSection
	GlobalSection(SolutionProperties) = preSolution
		HideSolutionNode = FALSE
	EndGlobalSection
	GlobalSection(ExtensibilityGlobals) = postSolution
		SolutionGuid = {D47D8EB7-0FE0-4C2C-BEE4-F08B92A31A04}
	EndGlobalSection
EndGlobal
